// !$*UTF8*$!
{
	archiveVersion = 1;
	classes = {
	};
	objectVersion = 77;
	objects = {

/* Begin PBXContainerItemProxy section */
		C2A3FF072EE8F37B009F3343 /* PBXContainerItemProxy */ = {
			isa = PBXContainerItemProxy;
			containerPortal = C2A3FEF12EE8F379009F3343 /* Project object */;
			proxyType = 1;
			remoteGlobalIDString = C2A3FEF82EE8F379009F3343;
			remoteInfo = CICDdemoTest;
		};
		C2A3FF112EE8F37B009F3343 /* PBXContainerItemProxy */ = {
			isa = PBXContainerItemProxy;
			containerPortal = C2A3FEF12EE8F379009F3343 /* Project object */;
			proxyType = 1;
			remoteGlobalIDString = C2A3FEF82EE8F379009F3343;
			remoteInfo = CICDdemoTest;
		};
/* End PBXContainerItemProxy section */

/* Begin PBXFileReference section */
		C2A3FEF92EE8F379009F3343 /* CICDdemoTest.app */ = {isa = PBXFileReference; explicitFileType = wrapper.application; includeInIndex = 0; path = CICDdemoTest.app; sourceTree = BUILT_PRODUCTS_DIR; };
		C2A3FF062EE8F37B009F3343 /* CICDdemoTestTests.xctest */ = {isa = PBXFileReference; explicitFileType = wrapper.cfbundle; includeInIndex = 0; path = CICDdemoTestTests.xctest; sourceTree = BUILT_PRODUCTS_DIR; };
		C2A3FF102EE8F37B009F3343 /* CICDdemoTestUITests.xctest */ = {isa = PBXFileReference; explicitFileType = wrapper.cfbundle; includeInIndex = 0; path = CICDdemoTestUITests.xctest; sourceTree = BUILT_PRODUCTS_DIR; };
/* End PBXFileReference section */

/* Begin PBXFileSystemSynchronizedRootGroup section */
		C2A3FEFB2EE8F379009F3343 /* CICDdemoTest */ = {
			isa = PBXFileSystemSynchronizedRootGroup;
			path = CICDdemoTest;
			sourceTree = "<group>";
		};
		C2A3FF092EE8F37B009F3343 /* CICDdemoTestTests */ = {
			isa = PBXFileSystemSynchronizedRootGroup;
			path = CICDdemoTestTests;
			sourceTree = "<group>";
		};
		C2A3FF132EE8F37B009F3343 /* CICDdemoTestUITests */ = {
			isa = PBXFileSystemSynchronizedRootGroup;
			path = CICDdemoTestUITests;
			sourceTree = "<group>";
		};
/* End PBXFileSystemSynchronizedRootGroup section */

/* Begin PBXFrameworksBuildPhase section */
		C2A3FEF62EE8F379009F3343 /* Frameworks */ = {
			isa = PBXFrameworksBuildPhase;
			buildActionMask = 2147483647;
			files = (
			);
			runOnlyForDeploymentPostprocessing = 0;
		};
		C2A3FF032EE8F37B009F3343 /* Frameworks */ = {
			isa = PBXFrameworksBuildPhase;
			buildActionMask = 2147483647;
			files = (
			);
			runOnlyForDeploymentPostprocessing = 0;
		};
		C2A3FF0D2EE8F37B009F3343 /* Frameworks */ = {
			isa = PBXFrameworksBuildPhase;
			buildActionMask = 2147483647;
			files = (
			);
			runOnlyForDeploymentPostprocessing = 0;
		};
/* End PBXFrameworksBuildPhase section */

/* Begin PBXGroup section */
		C2A3FEF02EE8F379009F3343 = {
			isa = PBXGroup;
			children = (
				C2A3FEFB2EE8F379009F3343 /* CICDdemoTest */,
				C2A3FF092EE8F37B009F3343 /* CICDdemoTestTests */,
				C2A3FF132EE8F37B009F3343 /* CICDdemoTestUITests */,
				C2A3FEFA2EE8F379009F3343 /* Products */,
			);
			sourceTree = "<group>";
		};
		C2A3FEFA2EE8F379009F3343 /* Products */ = {
			isa = PBXGroup;
			children = (
				C2A3FEF92EE8F379009F3343 /* CICDdemoTest.app */,
				C2A3FF062EE8F37B009F3343 /* CICDdemoTestTests.xctest */,
				C2A3FF102EE8F37B009F3343 /* CICDdemoTestUITests.xctest */,
			);
			name = Products;
			sourceTree = "<group>";
		};
/* End PBXGroup section */

/* Begin PBXNativeTarget section */
		C2A3FEF82EE8F379009F3343 /* CICDdemoTest */ = {
			isa = PBXNativeTarget;
			buildConfigurationList = C2A3FF1A2EE8F37B009F3343 /* Build configuration list for PBXNativeTarget "CICDdemoTest" */;
			buildPhases = (
				C2A3FEF52EE8F379009F3343 /* Sources */,
				C2A3FEF62EE8F379009F3343 /* Frameworks */,
				C2A3FEF72EE8F379009F3343 /* Resources */,
			);
			buildRules = (
			);
			dependencies = (
			);
			fileSystemSynchronizedGroups = (
				C2A3FEFB2EE8F379009F3343 /* CICDdemoTest */,
			);
			name = CICDdemoTest;
			packageProductDependencies = (
			);
			productName = CICDdemoTest;
			productReference = C2A3FEF92EE8F379009F3343 /* CICDdemoTest.app */;
			productType = "com.apple.product-type.application";
		};
		C2A3FF052EE8F37B009F3343 /* CICDdemoTestTests */ = {
			isa = PBXNativeTarget;
			buildConfigurationList = C2A3FF1D2EE8F37B009F3343 /* Build configuration list for PBXNativeTarget "CICDdemoTestTests" */;
			buildPhases = (
				C2A3FF022EE8F37B009F3343 /* Sources */,
				C2A3FF032EE8F37B009F3343 /* Frameworks */,
				C2A3FF042EE8F37B009F3343 /* Resources */,
			);
			buildRules = (
			);
			dependencies = (
				C2A3FF082EE8F37B009F3343 /* PBXTargetDependency */,
			);
			fileSystemSynchronizedGroups = (
				C2A3FF092EE8F37B009F3343 /* CICDdemoTestTests */,
			);
			name = CICDdemoTestTests;
			packageProductDependencies = (
			);
			productName = CICDdemoTestTests;
			productReference = C2A3FF062EE8F37B009F3343 /* CICDdemoTestTests.xctest */;
			productType = "com.apple.product-type.bundle.unit-test";
		};
		C2A3FF0F2EE8F37B009F3343 /* CICDdemoTestUITests */ = {
			isa = PBXNativeTarget;
			buildConfigurationList = C2A3FF202EE8F37B009F3343 /* Build configuration list for PBXNativeTarget "CICDdemoTestUITests" */;
			buildPhases = (
				C2A3FF0C2EE8F37B009F3343 /* Sources */,
				C2A3FF0D2EE8F37B009F3343 /* Frameworks */,
				C2A3FF0E2EE8F37B009F3343 /* Resources */,
			);
			buildRules = (
			);
			dependencies = (
				C2A3FF122EE8F37B009F3343 /* PBXTargetDependency */,
			);
			fileSystemSynchronizedGroups = (
				C2A3FF132EE8F37B009F3343 /* CICDdemoTestUITests */,
			);
			name = CICDdemoTestUITests;
			packageProductDependencies = (
			);
			productName = CICDdemoTestUITests;
			productReference = C2A3FF102EE8F37B009F3343 /* CICDdemoTestUITests.xctest */;
			productType = "com.apple.product-type.bundle.ui-testing";
		};
/* End PBXNativeTarget section */

/* Begin PBXProject section */
		C2A3FEF12EE8F379009F3343 /* Project object */ = {
			isa = PBXProject;
			attributes = {
				BuildIndependentTargetsInParallel = 1;
				LastSwiftUpdateCheck = 1640;
				LastUpgradeCheck = 1640;
				TargetAttributes = {
					C2A3FEF82EE8F379009F3343 = {
						CreatedOnToolsVersion = 16.4;
					};
					C2A3FF052EE8F37B009F3343 = {
						CreatedOnToolsVersion = 16.4;
						TestTargetID = C2A3FEF82EE8F379009F3343;
					};
					C2A3FF0F2EE8F37B009F3343 = {
						CreatedOnToolsVersion = 16.4;
						TestTargetID = C2A3FEF82EE8F379009F3343;
					};
				};
			};
			buildConfigurationList = C2A3FEF42EE8F379009F3343 /* Build configuration list for PBXProject "CICDdemoTest" */;
			developmentRegion = en;
			hasScannedForEncodings = 0;
			knownRegions = (
				en,
				Base,
			);
			mainGroup = C2A3FEF02EE8F379009F3343;
			minimizedProjectReferenceProxies = 1;
			preferredProjectObjectVersion = 77;
			productRefGroup = C2A3FEFA2EE8F379009F3343 /* Products */;
			projectDirPath = "";
			projectRoot = "";
			targets = (
				C2A3FEF82EE8F379009F3343 /* CICDdemoTest */,
				C2A3FF052EE8F37B009F3343 /* CICDdemoTestTests */,
				C2A3FF0F2EE8F37B009F3343 /* CICDdemoTestUITests */,
			);
		};
/* End PBXProject section */

/* Begin PBXResourcesBuildPhase section */
		C2A3FEF72EE8F379009F3343 /* Resources */ = {
			isa = PBXResourcesBuildPhase;
			buildActionMask = 2147483647;
			files = (
			);
			runOnlyForDeploymentPostprocessing = 0;
		};
		C2A3FF042EE8F37B009F3343 /* Resources */ = {
			isa = PBXResourcesBuildPhase;
			buildActionMask = 2147483647;
			files = (
			);
			runOnlyForDeploymentPostprocessing = 0;
		};
		C2A3FF0E2EE8F37B009F3343 /* Resources */ = {
			isa = PBXResourcesBuildPhase;
			buildActionMask = 2147483647;
			files = (
			);
			runOnlyForDeploymentPostprocessing = 0;
		};
/* End PBXResourcesBuildPhase section */

/* Begin PBXSourcesBuildPhase section */
		C2A3FEF52EE8F379009F3343 /* Sources */ = {
			isa = PBXSourcesBuildPhase;
			buildActionMask = 2147483647;
			files = (
			);
			runOnlyForDeploymentPostprocessing = 0;
		};
		C2A3FF022EE8F37B009F3343 /* Sources */ = {
			isa = PBXSourcesBuildPhase;
			buildActionMask = 2147483647;
			files = (
			);
			runOnlyForDeploymentPostprocessing = 0;
		};
		C2A3FF0C2EE8F37B009F3343 /* Sources */ = {
			isa = PBXSourcesBuildPhase;
			buildActionMask = 2147483647;
			files = (
			);
			runOnlyForDeploymentPostprocessing = 0;
		};
/* End PBXSourcesBuildPhase section */

/* Begin PBXTargetDependency section */
		C2A3FF082EE8F37B009F3343 /* PBXTargetDependency */ = {
			isa = PBXTargetDependency;
			target = C2A3FEF82EE8F379009F3343 /* CICDdemoTest */;
			targetProxy = C2A3FF072EE8F37B009F3343 /* PBXContainerItemProxy */;
		};
		C2A3FF122EE8F37B009F3343 /* PBXTargetDependency */ = {
			isa = PBXTargetDependency;
			target = C2A3FEF82EE8F379009F3343 /* CICDdemoTest */;
			targetProxy = C2A3FF112EE8F37B009F3343 /* PBXContainerItemProxy */;
		};
/* End PBXTargetDependency section */

/* Begin XCBuildConfiguration section */
		C2A3FF182EE8F37B009F3343 /* Debug */ = {
			isa = XCBuildConfiguration;
			buildSettings = {
				ALWAYS_SEARCH_USER_PATHS = NO;
				ASSETCATALOG_COMPILER_GENERATE_SWIFT_ASSET_SYMBOL_EXTENSIONS = YES;
				CLANG_ANALYZER_NONNULL = YES;
				CLANG_ANALYZER_NUMBER_OBJECT_CONVERSION = YES_AGGRESSIVE;
				CLANG_CXX_LANGUAGE_STANDARD = "gnu++20";
				CLANG_ENABLE_MODULES = YES;
				CLANG_ENABLE_OBJC_ARC = YES;
				CLANG_ENABLE_OBJC_WEAK = YES;
				CLANG_WARN_BLOCK_CAPTURE_AUTORELEASING = YES;
				CLANG_WARN_BOOL_CONVERSION = YES;
				CLANG_WARN_COMMA = YES;
				CLANG_WARN_CONSTANT_CONVERSION = YES;
				CLANG_WARN_DEPRECATED_OBJC_IMPLEMENTATIONS = YES;
				CLANG_WARN_DIRECT_OBJC_ISA_USAGE = YES_ERROR;
				CLANG_WARN_DOCUMENTATION_COMMENTS = YES;
				CLANG_WARN_EMPTY_BODY = YES;
				CLANG_WARN_ENUM_CONVERSION = YES;
				CLANG_WARN_INFINITE_RECURSION = YES;
				CLANG_WARN_INT_CONVERSION = YES;
				CLANG_WARN_NON_LITERAL_NULL_CONVERSION = YES;
				CLANG_WARN_OBJC_IMPLICIT_RETAIN_SELF = YES;
				CLANG_WARN_OBJC_LITERAL_CONVERSION = YES;
				CLANG_WARN_OBJC_ROOT_CLASS = YES_ERROR;
				CLANG_WARN_QUOTED_INCLUDE_IN_FRAMEWORK_HEADER = YES;
				CLANG_WARN_RANGE_LOOP_ANALYSIS = YES;
				CLANG_WARN_STRICT_PROTOTYPES = YES;
				CLANG_WARN_SUSPICIOUS_MOVE = YES;
				CLANG_WARN_UNGUARDED_AVAILABILITY = YES_AGGRESSIVE;
				CLANG_WARN_UNREACHABLE_CODE = YES;
				CLANG_WARN__DUPLICATE_METHOD_MATCH = YES;
				COPY_PHASE_STRIP = NO;
				DEBUG_INFORMATION_FORMAT = dwarf;
				DEVELOPMENT_TEAM = HP7B64RJ82;
				ENABLE_STRICT_OBJC_MSGSEND = YES;
				ENABLE_TESTABILITY = YES;
				ENABLE_USER_SCRIPT_SANDBOXING = YES;
				GCC_C_LANGUAGE_STANDARD = gnu17;
				GCC_DYNAMIC_NO_PIC = NO;
				GCC_NO_COMMON_BLOCKS = YES;
				GCC_OPTIMIZATION_LEVEL = 0;
				GCC_PREPROCESSOR_DEFINITIONS = (
					"DEBUG=1",
					"$(inherited)",
				);
				GCC_WARN_64_TO_32_BIT_CONVERSION = YES;
				GCC_WARN_ABOUT_RETURN_TYPE = YES_ERROR;
				GCC_WARN_UNDECLARED_SELECTOR = YES;
				GCC_WARN_UNINITIALIZED_AUTOS = YES_AGGRESSIVE;
				GCC_WARN_UNUSED_FUNCTION = YES;
				GCC_WARN_UNUSED_VARIABLE = YES;
				IPHONEOS_DEPLOYMENT_TARGET = 18.5;
				LOCALIZATION_PREFERS_STRING_CATALOGS = YES;
				MTL_ENABLE_DEBUG_INFO = INCLUDE_SOURCE;
				MTL_FAST_MATH = YES;
				ONLY_ACTIVE_ARCH = YES;
				SDKROOT = iphoneos;
				SWIFT_ACTIVE_COMPILATION_CONDITIONS = "DEBUG $(inherited)";
				SWIFT_OPTIMIZATION_LEVEL = "-Onone";
			};
			name = Debug;
		};
		C2A3FF192EE8F37B009F3343 /* Release */ = {
			isa = XCBuildConfiguration;
			buildSettings = {
				ALWAYS_SEARCH_USER_PATHS = NO;
				ASSETCATALOG_COMPILER_GENERATE_SWIFT_ASSET_SYMBOL_EXTENSIONS = YES;
				CLANG_ANALYZER_NONNULL = YES;
				CLANG_ANALYZER_NUMBER_OBJECT_CONVERSION = YES_AGGRESSIVE;
				CLANG_CXX_LANGUAGE_STANDARD = "gnu++20";
				CLANG_ENABLE_MODULES = YES;
				CLANG_ENABLE_OBJC_ARC = YES;
				CLANG_ENABLE_OBJC_WEAK = YES;
				CLANG_WARN_BLOCK_CAPTURE_AUTORELEASING = YES;
				CLANG_WARN_BOOL_CONVERSION = YES;
				CLANG_WARN_COMMA = YES;
				CLANG_WARN_CONSTANT_CONVERSION = YES;
				CLANG_WARN_DEPRECATED_OBJC_IMPLEMENTATIONS = YES;
				CLANG_WARN_DIRECT_OBJC_ISA_USAGE = YES_ERROR;
				CLANG_WARN_DOCUMENTATION_COMMENTS = YES;
				CLANG_WARN_EMPTY_BODY = YES;
				CLANG_WARN_ENUM_CONVERSION = YES;
				CLANG_WARN_INFINITE_RECURSION = YES;
				CLANG_WARN_INT_CONVERSION = YES;
				CLANG_WARN_NON_LITERAL_NULL_CONVERSION = YES;
				CLANG_WARN_OBJC_IMPLICIT_RETAIN_SELF = YES;
				CLANG_WARN_OBJC_LITERAL_CONVERSION = YES;
				CLANG_WARN_OBJC_ROOT_CLASS = YES_ERROR;
				CLANG_WARN_QUOTED_INCLUDE_IN_FRAMEWORK_HEADER = YES;
				CLANG_WARN_RANGE_LOOP_ANALYSIS = YES;
				CLANG_WARN_STRICT_PROTOTYPES = YES;
				CLANG_WARN_SUSPICIOUS_MOVE = YES;
				CLANG_WARN_UNGUARDED_AVAILABILITY = YES_AGGRESSIVE;
				CLANG_WARN_UNREACHABLE_CODE = YES;
				CLANG_WARN__DUPLICATE_METHOD_MATCH = YES;
				COPY_PHASE_STRIP = NO;
				DEBUG_INFORMATION_FORMAT = "dwarf-with-dsym";
				DEVELOPMENT_TEAM = HP7B64RJ82;
				ENABLE_NS_ASSERTIONS = NO;
				ENABLE_STRICT_OBJC_MSGSEND = YES;
				ENABLE_USER_SCRIPT_SANDBOXING = YES;
				GCC_C_LANGUAGE_STANDARD = gnu17;
				GCC_NO_COMMON_BLOCKS = YES;
				GCC_WARN_64_TO_32_BIT_CONVERSION = YES;
				GCC_WARN_ABOUT_RETURN_TYPE = YES_ERROR;
				GCC_WARN_UNDECLARED_SELECTOR = YES;
				GCC_WARN_UNINITIALIZED_AUTOS = YES_AGGRESSIVE;
				GCC_WARN_UNUSED_FUNCTION = YES;
				GCC_WARN_UNUSED_VARIABLE = YES;
				IPHONEOS_DEPLOYMENT_TARGET = 18.5;
				LOCALIZATION_PREFERS_STRING_CATALOGS = YES;
				MTL_ENABLE_DEBUG_INFO = NO;
				MTL_FAST_MATH = YES;
				SDKROOT = iphoneos;
				SWIFT_COMPILATION_MODE = wholemodule;
				VALIDATE_PRODUCT = YES;
			};
			name = Release;
		};
		C2A3FF1B2EE8F37B009F3343 /* Debug */ = {
			isa = XCBuildConfiguration;
			buildSettings = {
				ASSETCATALOG_COMPILER_APPICON_NAME = AppIcon;
				ASSETCATALOG_COMPILER_GLOBAL_ACCENT_COLOR_NAME = AccentColor;
				CODE_SIGN_STYLE = Automatic;
				CURRENT_PROJECT_VERSION = 1;
				DEVELOPMENT_TEAM = HP7B64RJ82;
				ENABLE_PREVIEWS = YES;
				GENERATE_INFOPLIST_FILE = YES;
				INFOPLIST_KEY_UIApplicationSceneManifest_Generation = YES;
				INFOPLIST_KEY_UIApplicationSupportsIndirectInputEvents = YES;
				INFOPLIST_KEY_UILaunchScreen_Generation = YES;
				INFOPLIST_KEY_UISupportedInterfaceOrientations_iPad = "UIInterfaceOrientationPortrait UIInterfaceOrientationPortraitUpsideDown UIInterfaceOrientationLandscapeLeft UIInterfaceOrientationLandscapeRight";
				INFOPLIST_KEY_UISupportedInterfaceOrientations_iPhone = "UIInterfaceOrientationPortrait UIInterfaceOrientationLandscapeLeft UIInterfaceOrientationLandscapeRight";
				LD_RUNPATH_SEARCH_PATHS = (
					"$(inherited)",
					"@executable_path/Frameworks",
				);
				MARKETING_VERSION = 1.0;
				PRODUCT_BUNDLE_IDENTIFIER = com.lamtalaa.CICDdemoTest;
				PRODUCT_NAME = "$(TARGET_NAME)";
				SWIFT_EMIT_LOC_STRINGS = YES;
				SWIFT_VERSION = 5.0;
				TARGETED_DEVICE_FAMILY = "1,2";
			};
			name = Debug;
		};
		C2A3FF1C2EE8F37B009F3343 /* Release */ = {
			isa = XCBuildConfiguration;
			buildSettings = {
				ASSETCATALOG_COMPILER_APPICON_NAME = AppIcon;
				ASSETCATALOG_COMPILER_GLOBAL_ACCENT_COLOR_NAME = AccentColor;
				CODE_SIGN_STYLE = Automatic;
				CURRENT_PROJECT_VERSION = 1;
				DEVELOPMENT_TEAM = HP7B64RJ82;
				ENABLE_PREVIEWS = YES;
				GENERATE_INFOPLIST_FILE = YES;
				INFOPLIST_KEY_UIApplicationSceneManifest_Generation = YES;
				INFOPLIST_KEY_UIApplicationSupportsIndirectInputEvents = YES;
				INFOPLIST_KEY_UILaunchScreen_Generation = YES;
				INFOPLIST_KEY_UISupportedInterfaceOrientations_iPad = "UIInterfaceOrientationPortrait UIInterfaceOrientationPortraitUpsideDown UIInterfaceOrientationLandscapeLeft UIInterfaceOrientationLandscapeRight";
				INFOPLIST_KEY_UISupportedInterfaceOrientations_iPhone = "UIInterfaceOrientationPortrait UIInterfaceOrientationLandscapeLeft UIInterfaceOrientationLandscapeRight";
				LD_RUNPATH_SEARCH_PATHS = (
					"$(inherited)",
					"@executable_path/Frameworks",
				);
				MARKETING_VERSION = 1.0;
				PRODUCT_BUNDLE_IDENTIFIER = com.lamtalaa.CICDdemoTest;
				PRODUCT_NAME = "$(TARGET_NAME)";
				SWIFT_EMIT_LOC_STRINGS = YES;
				SWIFT_VERSION = 5.0;
				TARGETED_DEVICE_FAMILY = "1,2";
			};
			name = Release;
		};
		C2A3FF1E2EE8F37B009F3343 /* Debug */ = {
			isa = XCBuildConfiguration;
			buildSettings = {
				BUNDLE_LOADER = "$(TEST_HOST)";
				CODE_SIGN_STYLE = Automatic;
				CURRENT_PROJECT_VERSION = 1;
				DEVELOPMENT_TEAM = HP7B64RJ82;
				GENERATE_INFOPLIST_FILE = YES;
				IPHONEOS_DEPLOYMENT_TARGET = 18.5;
				MARKETING_VERSION = 1.0;
				PRODUCT_BUNDLE_IDENTIFIER = com.lamtalaa.CICDdemoTestTests;
				PRODUCT_NAME = "$(TARGET_NAME)";
				SWIFT_EMIT_LOC_STRINGS = NO;
				SWIFT_VERSION = 5.0;
				TARGETED_DEVICE_FAMILY = "1,2";
				TEST_HOST = "$(BUILT_PRODUCTS_DIR)/CICDdemoTest.app/$(BUNDLE_EXECUTABLE_FOLDER_PATH)/CICDdemoTest";
			};
			name = Debug;
		};
		C2A3FF1F2EE8F37B009F3343 /* Release */ = {
			isa = XCBuildConfiguration;
			buildSettings = {
				BUNDLE_LOADER = "$(TEST_HOST)";
				CODE_SIGN_STYLE = Automatic;
				CURRENT_PROJECT_VERSION = 1;
				DEVELOPMENT_TEAM = HP7B64RJ82;
				GENERATE_INFOPLIST_FILE = YES;
				IPHONEOS_DEPLOYMENT_TARGET = 18.5;
				MARKETING_VERSION = 1.0;
				PRODUCT_BUNDLE_IDENTIFIER = com.lamtalaa.CICDdemoTestTests;
				PRODUCT_NAME = "$(TARGET_NAME)";
				SWIFT_EMIT_LOC_STRINGS = NO;
				SWIFT_VERSION = 5.0;
				TARGETED_DEVICE_FAMILY = "1,2";
				TEST_HOST = "$(BUILT_PRODUCTS_DIR)/CICDdemoTest.app/$(BUNDLE_EXECUTABLE_FOLDER_PATH)/CICDdemoTest";
			};
			name = Release;
		};
		C2A3FF212EE8F37B009F3343 /* Debug */ = {
			isa = XCBuildConfiguration;
			buildSettings = {
				CODE_SIGN_STYLE = Automatic;
				CURRENT_PROJECT_VERSION = 1;
				DEVELOPMENT_TEAM = HP7B64RJ82;
				GENERATE_INFOPLIST_FILE = YES;
				MARKETING_VERSION = 1.0;
				PRODUCT_BUNDLE_IDENTIFIER = com.lamtalaa.CICDdemoTestUITests;
				PRODUCT_NAME = "$(TARGET_NAME)";
				SWIFT_EMIT_LOC_STRINGS = NO;
				SWIFT_VERSION = 5.0;
				TARGETED_DEVICE_FAMILY = "1,2";
				TEST_TARGET_NAME = CICDdemoTest;
			};
			name = Debug;
		};
		C2A3FF222EE8F37B009F3343 /* Release */ = {
			isa = XCBuildConfiguration;
			buildSettings = {
				CODE_SIGN_STYLE = Automatic;
				CURRENT_PROJECT_VERSION = 1;
				DEVELOPMENT_TEAM = HP7B64RJ82;
				GENERATE_INFOPLIST_FILE = YES;
				MARKETING_VERSION = 1.0;
				PRODUCT_BUNDLE_IDENTIFIER = com.lamtalaa.CICDdemoTestUITests;
				PRODUCT_NAME = "$(TARGET_NAME)";
				SWIFT_EMIT_LOC_STRINGS = NO;
				SWIFT_VERSION = 5.0;
				TARGETED_DEVICE_FAMILY = "1,2";
				TEST_TARGET_NAME = CICDdemoTest;
			};
			name = Release;
		};
/* End XCBuildConfiguration section */

/* Begin XCConfigurationList section */
		C2A3FEF42EE8F379009F3343 /* Build configuration list for PBXProject "CICDdemoTest" */ = {
			isa = XCConfigurationList;
			buildConfigurations = (
				C2A3FF182EE8F37B009F3343 /* Debug */,
				C2A3FF192EE8F37B009F3343 /* Release */,
			);
			defaultConfigurationIsVisible = 0;
			defaultConfigurationName = Release;
		};
		C2A3FF1A2EE8F37B009F3343 /* Build configuration list for PBXNativeTarget "CICDdemoTest" */ = {
			isa = XCConfigurationList;
			buildConfigurations = (
				C2A3FF1B2EE8F37B009F3343 /* Debug */,
				C2A3FF1C2EE8F37B009F3343 /* Release */,
			);
			defaultConfigurationIsVisible = 0;
			defaultConfigurationName = Release;
		};
		C2A3FF1D2EE8F37B009F3343 /* Build configuration list for PBXNativeTarget "CICDdemoTestTests" */ = {
			isa = XCConfigurationList;
			buildConfigurations = (
				C2A3FF1E2EE8F37B009F3343 /* Debug */,
				C2A3FF1F2EE8F37B009F3343 /* Release */,
			);
			defaultConfigurationIsVisible = 0;
			defaultConfigurationName = Release;
		};
		C2A3FF202EE8F37B009F3343 /* Build configuration list for PBXNativeTarget "CICDdemoTestUITests" */ = {
			isa = XCConfigurationList;
			buildConfigurations = (
				C2A3FF212EE8F37B009F3343 /* Debug */,
				C2A3FF222EE8F37B009F3343 /* Release */,
			);
			defaultConfigurationIsVisible = 0;
			defaultConfigurationName = Release;
		};
/* End XCConfigurationList section */
	};
	rootObject = C2A3FEF12EE8F379009F3343 /* Project object */;
}
